
Microsoft Visual Studio Solution File, Format Version 12.00
# Visual Studio 14
VisualStudioVersion = 14.0.25420.1
MinimumVisualStudioVersion = 10.0.40219.1
Project("{FAE04EC0-301F-11D3-BF4B-00C04F79EFBC}") = "ConsoleAppCalculator", "ConsoleAppCalculator\ConsoleAppCalculator.csproj", "{1B6A7FF7-6904-4231-B1CC-33CB366BD331}"
EndProject
Project("{FAE04EC0-301F-11D3-BF4B-00C04F79EFBC}") = "Calculation", "Calculation\Calculation.csproj", "{67DDCF64-450C-403E-9103-9EDCC0C355B1}"
EndProject
Project("{FAE04EC0-301F-11D3-BF4B-00C04F79EFBC}") = "DesktopCalculator", "DesktopCalculator\DesktopCalculator.csproj", "{FE36DBF9-97BE-4E57-BB52-81951E3D9841}"
EndProject
Global
	GlobalSection(SolutionConfigurationPlatforms) = preSolution
		Debug|Any CPU = Debug|Any CPU
		Release|Any CPU = Release|Any CPU
	EndGlobalSection
	GlobalSection(ProjectConfigurationPlatforms) = postSolution
		{1B6A7FF7-6904-4231-B1CC-33CB366BD331}.Debug|Any CPU.ActiveCfg = Debug|Any CPU
		{1B6A7FF7-6904-4231-B1CC-33CB366BD331}.Debug|Any CPU.Build.0 = Debug|Any CPU
		{1B6A7FF7-6904-4231-B1CC-33CB366BD331}.Release|Any CPU.ActiveCfg = Release|Any CPU
		{1B6A7FF7-6904-4231-B1CC-33CB366BD331}.Release|Any CPU.Build.0 = Release|Any CPU
		{67DDCF64-450C-403E-9103-9EDCC0C355B1}.Debug|Any CPU.ActiveCfg = Debug|Any CPU
		{67DDCF64-450C-403E-9103-9EDCC0C355B1}.Debug|Any CPU.Build.0 = Debug|Any CPU
		{67DDCF64-450C-403E-9103-9EDCC0C355B1}.Release|Any CPU.ActiveCfg = Release|Any CPU
		{67DDCF64-450C-403E-9103-9EDCC0C355B1}.Release|Any CPU.Build.0 = Release|Any CPU
		{FE36DBF9-97BE-4E57-BB52-81951E3D9841}.Debug|Any CPU.ActiveCfg = Debug|Any CPU
		{FE36DBF9-97BE-4E57-BB52-81951E3D9841}.Debug|Any CPU.Build.0 = Debug|Any CPU
		{FE36DBF9-97BE-4E57-BB52-81951E3D9841}.Release|Any CPU.ActiveCfg = Release|Any CPU
		{FE36DBF9-97BE-4E57-BB52-81951E3D9841}.Release|Any CPU.Build.0 = Release|Any CPU
	EndGlobalSection
	GlobalSection(SolutionProperties) = preSolution
		HideSolutionNode = FALSE
	EndGlobalSection
EndGlobal
